
Microsoft Visual Studio Solution File, Format Version 12.00
# Visual Studio Version 17
VisualStudioVersion = 17.13.35919.96
MinimumVisualStudioVersion = 10.0.40219.1
Project("{FAE04EC0-301F-11D3-BF4B-00C04F79EFBC}") = "NetResults.Core", "src\NetResults.Core\NetResults.Core.csproj", "{EB1D1520-FC88-4537-B495-315C945C6AD1}"
EndProject
Project("{FAE04EC0-301F-11D3-BF4B-00C04F79EFBC}") = "NetResults.AspNetCore", "src\NetResults.AspNetCore\NetResults.AspNetCore.csproj", "{11AE8C93-249B-4C6F-B0BE-74C889DEA8B7}"
EndProject
Project("{FAE04EC0-301F-11D3-BF4B-00C04F79EFBC}") = "NetResults.Extensions", "src\NetResults.Extensions\NetResults.Extensions.csproj", "{DD7640A8-3088-40ED-93CF-F2379ECB8139}"
EndProject
Project("{2150E333-8FDC-42A3-9474-1A3956D46DE8}") = "src", "src", "{02EA681E-C7D8-13C7-8484-4AC65E1B71E8}"
EndProject
Project("{2150E333-8FDC-42A3-9474-1A3956D46DE8}") = "examples", "examples", "{821227E3-EB59-43BC-9F3D-F3C3DC66B35F}"
EndProject
Project("{FAE04EC0-301F-11D3-BF4B-00C04F79EFBC}") = "WebApplication", "examples\WebApplication\WebApplication.csproj", "{21FE85DC-DB6E-4921-AD3F-EF71811CDC70}"
EndProject
Project("{FAE04EC0-301F-11D3-BF4B-00C04F79EFBC}") = "Infrastructure", "Infrastructure\Infrastructure.csproj", "{4132EF0F-8762-4DAD-8D71-538434E97165}"
EndProject
Project("{FAE04EC0-301F-11D3-BF4B-00C04F79EFBC}") = "Domain", "Domain\Domain.csproj", "{55F2C2F8-EA75-42DD-9BE1-9CB511415C1B}"
EndProject
Project("{FAE04EC0-301F-11D3-BF4B-00C04F79EFBC}") = "Application", "examples\Application\Application.csproj", "{EA66CAD8-6DFA-446E-A43F-D6EE525708EF}"
EndProject
Global
	GlobalSection(SolutionConfigurationPlatforms) = preSolution
		Debug|Any CPU = Debug|Any CPU
		Release|Any CPU = Release|Any CPU
	EndGlobalSection
	GlobalSection(ProjectConfigurationPlatforms) = postSolution
		{EB1D1520-FC88-4537-B495-315C945C6AD1}.Debug|Any CPU.ActiveCfg = Debug|Any CPU
		{EB1D1520-FC88-4537-B495-315C945C6AD1}.Debug|Any CPU.Build.0 = Debug|Any CPU
		{EB1D1520-FC88-4537-B495-315C945C6AD1}.Release|Any CPU.ActiveCfg = Release|Any CPU
		{EB1D1520-FC88-4537-B495-315C945C6AD1}.Release|Any CPU.Build.0 = Release|Any CPU
		{11AE8C93-249B-4C6F-B0BE-74C889DEA8B7}.Debug|Any CPU.ActiveCfg = Debug|Any CPU
		{11AE8C93-249B-4C6F-B0BE-74C889DEA8B7}.Debug|Any CPU.Build.0 = Debug|Any CPU
		{11AE8C93-249B-4C6F-B0BE-74C889DEA8B7}.Release|Any CPU.ActiveCfg = Release|Any CPU
		{11AE8C93-249B-4C6F-B0BE-74C889DEA8B7}.Release|Any CPU.Build.0 = Release|Any CPU
		{DD7640A8-3088-40ED-93CF-F2379ECB8139}.Debug|Any CPU.ActiveCfg = Debug|Any CPU
		{DD7640A8-3088-40ED-93CF-F2379ECB8139}.Debug|Any CPU.Build.0 = Debug|Any CPU
		{DD7640A8-3088-40ED-93CF-F2379ECB8139}.Release|Any CPU.ActiveCfg = Release|Any CPU
		{DD7640A8-3088-40ED-93CF-F2379ECB8139}.Release|Any CPU.Build.0 = Release|Any CPU
		{21FE85DC-DB6E-4921-AD3F-EF71811CDC70}.Debug|Any CPU.ActiveCfg = Debug|Any CPU
		{21FE85DC-DB6E-4921-AD3F-EF71811CDC70}.Debug|Any CPU.Build.0 = Debug|Any CPU
		{21FE85DC-DB6E-4921-AD3F-EF71811CDC70}.Release|Any CPU.ActiveCfg = Release|Any CPU
		{21FE85DC-DB6E-4921-AD3F-EF71811CDC70}.Release|Any CPU.Build.0 = Release|Any CPU
		{4132EF0F-8762-4DAD-8D71-538434E97165}.Debug|Any CPU.ActiveCfg = Debug|Any CPU
		{4132EF0F-8762-4DAD-8D71-538434E97165}.Debug|Any CPU.Build.0 = Debug|Any CPU
		{4132EF0F-8762-4DAD-8D71-538434E97165}.Release|Any CPU.ActiveCfg = Release|Any CPU
		{4132EF0F-8762-4DAD-8D71-538434E97165}.Release|Any CPU.Build.0 = Release|Any CPU
		{55F2C2F8-EA75-42DD-9BE1-9CB511415C1B}.Debug|Any CPU.ActiveCfg = Debug|Any CPU
		{55F2C2F8-EA75-42DD-9BE1-9CB511415C1B}.Debug|Any CPU.Build.0 = Debug|Any CPU
		{55F2C2F8-EA75-42DD-9BE1-9CB511415C1B}.Release|Any CPU.ActiveCfg = Release|Any CPU
		{55F2C2F8-EA75-42DD-9BE1-9CB511415C1B}.Release|Any CPU.Build.0 = Release|Any CPU
		{EA66CAD8-6DFA-446E-A43F-D6EE525708EF}.Debug|Any CPU.ActiveCfg = Debug|Any CPU
		{EA66CAD8-6DFA-446E-A43F-D6EE525708EF}.Debug|Any CPU.Build.0 = Debug|Any CPU
		{EA66CAD8-6DFA-446E-A43F-D6EE525708EF}.Release|Any CPU.ActiveCfg = Release|Any CPU
		{EA66CAD8-6DFA-446E-A43F-D6EE525708EF}.Release|Any CPU.Build.0 = Release|Any CPU
	EndGlobalSection
	GlobalSection(SolutionProperties) = preSolution
		HideSolutionNode = FALSE
	EndGlobalSection
	GlobalSection(NestedProjects) = preSolution
		{EB1D1520-FC88-4537-B495-315C945C6AD1} = {02EA681E-C7D8-13C7-8484-4AC65E1B71E8}
		{11AE8C93-249B-4C6F-B0BE-74C889DEA8B7} = {02EA681E-C7D8-13C7-8484-4AC65E1B71E8}
		{DD7640A8-3088-40ED-93CF-F2379ECB8139} = {02EA681E-C7D8-13C7-8484-4AC65E1B71E8}
		{21FE85DC-DB6E-4921-AD3F-EF71811CDC70} = {821227E3-EB59-43BC-9F3D-F3C3DC66B35F}
		{4132EF0F-8762-4DAD-8D71-538434E97165} = {821227E3-EB59-43BC-9F3D-F3C3DC66B35F}
		{55F2C2F8-EA75-42DD-9BE1-9CB511415C1B} = {821227E3-EB59-43BC-9F3D-F3C3DC66B35F}
		{EA66CAD8-6DFA-446E-A43F-D6EE525708EF} = {821227E3-EB59-43BC-9F3D-F3C3DC66B35F}
	EndGlobalSection
	GlobalSection(ExtensibilityGlobals) = postSolution
		SolutionGuid = {1D915376-3A82-4EEC-A642-036BB102CB59}
	EndGlobalSection
EndGlobal
